// !$*UTF8*$!
{
	archiveVersion = 1;
	classes = {
	};
	objectVersion = 46;
	objects = {

/* Begin PBXBuildFile section */
		4E506422190EF2F8003A03B0 /* Ball.png in Resources */ = {isa = PBXBuildFile; fileRef = 4E506421190EF2F8003A03B0 /* Ball.png */; };
		5795C1441BF62D7C0020071D /* CASCatalogViewController.m in Sources */ = {isa = PBXBuildFile; fileRef = DDFE54AA1814EF41003BF9C6 /* CASCatalogViewController.m */; };
		5795C1451BF62D7C0020071D /* CASSimpleFormViewController.m in Sources */ = {isa = PBXBuildFile; fileRef = DDFE54A71814EF07003BF9C6 /* CASSimpleFormViewController.m */; };
		5795C1461BF62D7C0020071D /* CASAppDelegate.m in Sources */ = {isa = PBXBuildFile; fileRef = DDAB257A1814BBBB00F3DAAE /* CASAppDelegate.m */; };
		5795C1471BF62D7C0020071D /* main.m in Sources */ = {isa = PBXBuildFile; fileRef = DDAB25761814BBBB00F3DAAE /* main.m */; };
		5795C1481BF62D7C0020071D /* CASRootViewController.m in Sources */ = {isa = PBXBuildFile; fileRef = DDFE54A41814EBBC003BF9C6 /* CASRootViewController.m */; };
		5795C14A1BF62D7C0020071D /* CoreGraphics.framework in Frameworks */ = {isa = PBXBuildFile; fileRef = DDAB256C1814BBBB00F3DAAE /* CoreGraphics.framework */; };
		5795C14B1BF62D7C0020071D /* UIKit.framework in Frameworks */ = {isa = PBXBuildFile; fileRef = DDAB256E1814BBBB00F3DAAE /* UIKit.framework */; };
		5795C14C1BF62D7C0020071D /* Foundation.framework in Frameworks */ = {isa = PBXBuildFile; fileRef = DDAB256A1814BBBB00F3DAAE /* Foundation.framework */; };
		5795C14F1BF62D7C0020071D /* InfoPlist.strings in Resources */ = {isa = PBXBuildFile; fileRef = DDAB25731814BBBB00F3DAAE /* InfoPlist.strings */; };
		5795C1501BF62D7C0020071D /* Images.xcassets in Resources */ = {isa = PBXBuildFile; fileRef = DDAB257C1814BBBB00F3DAAE /* Images.xcassets */; };
		5795C1511BF62D7C0020071D /* stylesheet.cas in Resources */ = {isa = PBXBuildFile; fileRef = DD61F4431816370F004A8777 /* stylesheet.cas */; };
		5795C1521BF62D7C0020071D /* Ball.png in Resources */ = {isa = PBXBuildFile; fileRef = 4E506421190EF2F8003A03B0 /* Ball.png */; };
		5795C1541BF62D7C0020071D /* variables.cas in Resources */ = {isa = PBXBuildFile; fileRef = DD355BDA183E9CD30071E543 /* variables.cas */; };
		5795C15B1BF62DEF0020071D /* Classy.framework in Frameworks */ = {isa = PBXBuildFile; fileRef = 5795C13C1BF62D510020071D /* Classy.framework */; };
		5795C15C1BF62DEF0020071D /* Classy.framework in Embed Frameworks */ = {isa = PBXBuildFile; fileRef = 5795C13C1BF62D510020071D /* Classy.framework */; settings = {ATTRIBUTES = (CodeSignOnCopy, RemoveHeadersOnCopy, ); }; };
		5795C17E1BF630A00020071D /* other.framework in Frameworks */ = {isa = PBXBuildFile; fileRef = 5795C17A1BF6302A0020071D /* other.framework */; };
		5795C17F1BF630A00020071D /* other.framework in Embed Frameworks */ = {isa = PBXBuildFile; fileRef = 5795C17A1BF6302A0020071D /* other.framework */; settings = {ATTRIBUTES = (CodeSignOnCopy, RemoveHeadersOnCopy, ); }; };
		BA23251D9EB84FA09338B05C /* libPods-ClassyExample.a in Frameworks */ = {isa = PBXBuildFile; fileRef = E9C8ED2DF59B45B2A38549AB /* libPods-ClassyExample.a */; };
		DD355BDB183E9CD30071E543 /* variables.cas in Resources */ = {isa = PBXBuildFile; fileRef = DD355BDA183E9CD30071E543 /* variables.cas */; };
		DD61F4441816370F004A8777 /* stylesheet.cas in Resources */ = {isa = PBXBuildFile; fileRef = DD61F4431816370F004A8777 /* stylesheet.cas */; };
		DDAB256B1814BBBB00F3DAAE /* Foundation.framework in Frameworks */ = {isa = PBXBuildFile; fileRef = DDAB256A1814BBBB00F3DAAE /* Foundation.framework */; };
		DDAB256D1814BBBB00F3DAAE /* CoreGraphics.framework in Frameworks */ = {isa = PBXBuildFile; fileRef = DDAB256C1814BBBB00F3DAAE /* CoreGraphics.framework */; };
		DDAB256F1814BBBB00F3DAAE /* UIKit.framework in Frameworks */ = {isa = PBXBuildFile; fileRef = DDAB256E1814BBBB00F3DAAE /* UIKit.framework */; };
		DDAB25751814BBBB00F3DAAE /* InfoPlist.strings in Resources */ = {isa = PBXBuildFile; fileRef = DDAB25731814BBBB00F3DAAE /* InfoPlist.strings */; };
		DDAB25771814BBBB00F3DAAE /* main.m in Sources */ = {isa = PBXBuildFile; fileRef = DDAB25761814BBBB00F3DAAE /* main.m */; };
		DDAB257B1814BBBB00F3DAAE /* CASAppDelegate.m in Sources */ = {isa = PBXBuildFile; fileRef = DDAB257A1814BBBB00F3DAAE /* CASAppDelegate.m */; };
		DDAB257D1814BBBB00F3DAAE /* Images.xcassets in Resources */ = {isa = PBXBuildFile; fileRef = DDAB257C1814BBBB00F3DAAE /* Images.xcassets */; };
		DDFE54A51814EBBC003BF9C6 /* CASRootViewController.m in Sources */ = {isa = PBXBuildFile; fileRef = DDFE54A41814EBBC003BF9C6 /* CASRootViewController.m */; };
		DDFE54A81814EF07003BF9C6 /* CASSimpleFormViewController.m in Sources */ = {isa = PBXBuildFile; fileRef = DDFE54A71814EF07003BF9C6 /* CASSimpleFormViewController.m */; };
		DDFE54AB1814EF41003BF9C6 /* CASCatalogViewController.m in Sources */ = {isa = PBXBuildFile; fileRef = DDFE54AA1814EF41003BF9C6 /* CASCatalogViewController.m */; };
/* End PBXBuildFile section */

/* Begin PBXContainerItemProxy section */
		5795C13B1BF62D510020071D /* PBXContainerItemProxy */ = {
			isa = PBXContainerItemProxy;
			containerPortal = 5795C1361BF62D510020071D /* ClassyFW.xcodeproj */;
			proxyType = 2;
			remoteGlobalIDString = 578307AE1BC5625300A951ED;
			remoteInfo = Classy;
		};
		5795C13D1BF62D510020071D /* PBXContainerItemProxy */ = {
			isa = PBXContainerItemProxy;
			containerPortal = 5795C1361BF62D510020071D /* ClassyFW.xcodeproj */;
			proxyType = 2;
			remoteGlobalIDString = 578308521BC571A300A951ED;
			remoteInfo = "classfw-link-test";
		};
		5795C15D1BF62DEF0020071D /* PBXContainerItemProxy */ = {
			isa = PBXContainerItemProxy;
			containerPortal = 5795C1361BF62D510020071D /* ClassyFW.xcodeproj */;
			proxyType = 1;
			remoteGlobalIDString = 578307AD1BC5625300A951ED;
			remoteInfo = Classy;
		};
		5795C1791BF6302A0020071D /* PBXContainerItemProxy */ = {
			isa = PBXContainerItemProxy;
			containerPortal = 5795C1751BF630290020071D /* other.xcodeproj */;
			proxyType = 2;
			remoteGlobalIDString = 5795C16A1BF630290020071D;
			remoteInfo = other;
		};
		5795C1801BF630A10020071D /* PBXContainerItemProxy */ = {
			isa = PBXContainerItemProxy;
			containerPortal = 5795C1751BF630290020071D /* other.xcodeproj */;
			proxyType = 1;
			remoteGlobalIDString = 5795C1691BF630290020071D;
			remoteInfo = other;
		};
/* End PBXContainerItemProxy section */

/* Begin PBXCopyFilesBuildPhase section */
		5795C15F1BF62DF00020071D /* Embed Frameworks */ = {
			isa = PBXCopyFilesBuildPhase;
			buildActionMask = 2147483647;
			dstPath = "";
			dstSubfolderSpec = 10;
			files = (
				5795C15C1BF62DEF0020071D /* Classy.framework in Embed Frameworks */,
				5795C17F1BF630A00020071D /* other.framework in Embed Frameworks */,
			);
			name = "Embed Frameworks";
			runOnlyForDeploymentPostprocessing = 0;
		};
/* End PBXCopyFilesBuildPhase section */

/* Begin PBXFileReference section */
		48E145992C14547713B2A546 /* Pods-ClassyExample.release.xcconfig */ = {isa = PBXFileReference; includeInIndex = 1; lastKnownFileType = text.xcconfig; name = "Pods-ClassyExample.release.xcconfig"; path = "../Pods/Target Support Files/Pods-ClassyExample/Pods-ClassyExample.release.xcconfig"; sourceTree = "<group>"; };
		4E506421190EF2F8003A03B0 /* Ball.png */ = {isa = PBXFileReference; lastKnownFileType = image.png; path = Ball.png; sourceTree = "<group>"; };
		5795C1361BF62D510020071D /* ClassyFW.xcodeproj */ = {isa = PBXFileReference; lastKnownFileType = "wrapper.pb-project"; name = ClassyFW.xcodeproj; path = ../ClassyFW/ClassyFW.xcodeproj; sourceTree = "<group>"; };
		5795C1591BF62D7C0020071D /* ClassyExample-fw.app */ = {isa = PBXFileReference; explicitFileType = wrapper.application; includeInIndex = 0; path = "ClassyExample-fw.app"; sourceTree = BUILT_PRODUCTS_DIR; };
		5795C15A1BF62D7D0020071D /* ClassyExample copy-Info.plist */ = {isa = PBXFileReference; lastKnownFileType = text.plist.xml; name = "ClassyExample copy-Info.plist"; path = "/Users/greymouser/Projects/cantina/Projects/jet/repos/Classy/Example/ClassyExample copy-Info.plist"; sourceTree = "<absolute>"; };
		5795C1751BF630290020071D /* other.xcodeproj */ = {isa = PBXFileReference; lastKnownFileType = "wrapper.pb-project"; name = other.xcodeproj; path = other/other.xcodeproj; sourceTree = "<group>"; };
		DD355BDA183E9CD30071E543 /* variables.cas */ = {isa = PBXFileReference; fileEncoding = 4; lastKnownFileType = text; path = variables.cas; sourceTree = "<group>"; };
		DD61F4431816370F004A8777 /* stylesheet.cas */ = {isa = PBXFileReference; fileEncoding = 4; lastKnownFileType = text; path = stylesheet.cas; sourceTree = "<group>"; };
		DDAB25671814BBBB00F3DAAE /* ClassyExample.app */ = {isa = PBXFileReference; explicitFileType = wrapper.application; includeInIndex = 0; path = ClassyExample.app; sourceTree = BUILT_PRODUCTS_DIR; };
		DDAB256A1814BBBB00F3DAAE /* Foundation.framework */ = {isa = PBXFileReference; lastKnownFileType = wrapper.framework; name = Foundation.framework; path = System/Library/Frameworks/Foundation.framework; sourceTree = SDKROOT; };
		DDAB256C1814BBBB00F3DAAE /* CoreGraphics.framework */ = {isa = PBXFileReference; lastKnownFileType = wrapper.framework; name = CoreGraphics.framework; path = System/Library/Frameworks/CoreGraphics.framework; sourceTree = SDKROOT; };
		DDAB256E1814BBBB00F3DAAE /* UIKit.framework */ = {isa = PBXFileReference; lastKnownFileType = wrapper.framework; name = UIKit.framework; path = System/Library/Frameworks/UIKit.framework; sourceTree = SDKROOT; };
		DDAB25721814BBBB00F3DAAE /* ClassyExample-Info.plist */ = {isa = PBXFileReference; lastKnownFileType = text.plist.xml; path = "ClassyExample-Info.plist"; sourceTree = "<group>"; };
		DDAB25741814BBBB00F3DAAE /* en */ = {isa = PBXFileReference; lastKnownFileType = text.plist.strings; name = en; path = en.lproj/InfoPlist.strings; sourceTree = "<group>"; };
		DDAB25761814BBBB00F3DAAE /* main.m */ = {isa = PBXFileReference; lastKnownFileType = sourcecode.c.objc; path = main.m; sourceTree = "<group>"; };
		DDAB25781814BBBB00F3DAAE /* ClassyExample-Prefix.pch */ = {isa = PBXFileReference; lastKnownFileType = sourcecode.c.h; path = "ClassyExample-Prefix.pch"; sourceTree = "<group>"; };
		DDAB25791814BBBB00F3DAAE /* CASAppDelegate.h */ = {isa = PBXFileReference; lastKnownFileType = sourcecode.c.h; path = CASAppDelegate.h; sourceTree = "<group>"; };
		DDAB257A1814BBBB00F3DAAE /* CASAppDelegate.m */ = {isa = PBXFileReference; lastKnownFileType = sourcecode.c.objc; path = CASAppDelegate.m; sourceTree = "<group>"; };
		DDAB257C1814BBBB00F3DAAE /* Images.xcassets */ = {isa = PBXFileReference; lastKnownFileType = folder.assetcatalog; path = Images.xcassets; sourceTree = "<group>"; };
		DDAB25831814BBBB00F3DAAE /* XCTest.framework */ = {isa = PBXFileReference; lastKnownFileType = wrapper.framework; name = XCTest.framework; path = Library/Frameworks/XCTest.framework; sourceTree = DEVELOPER_DIR; };
		DDFE54A31814EBBC003BF9C6 /* CASRootViewController.h */ = {isa = PBXFileReference; fileEncoding = 4; lastKnownFileType = sourcecode.c.h; path = CASRootViewController.h; sourceTree = "<group>"; };
		DDFE54A41814EBBC003BF9C6 /* CASRootViewController.m */ = {isa = PBXFileReference; fileEncoding = 4; lastKnownFileType = sourcecode.c.objc; path = CASRootViewController.m; sourceTree = "<group>"; };
		DDFE54A61814EF07003BF9C6 /* CASSimpleFormViewController.h */ = {isa = PBXFileReference; fileEncoding = 4; lastKnownFileType = sourcecode.c.h; path = CASSimpleFormViewController.h; sourceTree = "<group>"; };
		DDFE54A71814EF07003BF9C6 /* CASSimpleFormViewController.m */ = {isa = PBXFileReference; fileEncoding = 4; lastKnownFileType = sourcecode.c.objc; path = CASSimpleFormViewController.m; sourceTree = "<group>"; };
		DDFE54A91814EF41003BF9C6 /* CASCatalogViewController.h */ = {isa = PBXFileReference; fileEncoding = 4; lastKnownFileType = sourcecode.c.h; path = CASCatalogViewController.h; sourceTree = "<group>"; };
		DDFE54AA1814EF41003BF9C6 /* CASCatalogViewController.m */ = {isa = PBXFileReference; fileEncoding = 4; lastKnownFileType = sourcecode.c.objc; path = CASCatalogViewController.m; sourceTree = "<group>"; };
		E9C8ED2DF59B45B2A38549AB /* libPods-ClassyExample.a */ = {isa = PBXFileReference; explicitFileType = archive.ar; includeInIndex = 0; path = "libPods-ClassyExample.a"; sourceTree = BUILT_PRODUCTS_DIR; };
		FFFC5792B76551874EEB57A6 /* Pods-ClassyExample.debug.xcconfig */ = {isa = PBXFileReference; includeInIndex = 1; lastKnownFileType = text.xcconfig; name = "Pods-ClassyExample.debug.xcconfig"; path = "../Pods/Target Support Files/Pods-ClassyExample/Pods-ClassyExample.debug.xcconfig"; sourceTree = "<group>"; };
/* End PBXFileReference section */

/* Begin PBXFrameworksBuildPhase section */
		5795C1491BF62D7C0020071D /* Frameworks */ = {
			isa = PBXFrameworksBuildPhase;
			buildActionMask = 2147483647;
			files = (
				5795C14A1BF62D7C0020071D /* CoreGraphics.framework in Frameworks */,
				5795C14B1BF62D7C0020071D /* UIKit.framework in Frameworks */,
				5795C17E1BF630A00020071D /* other.framework in Frameworks */,
				5795C14C1BF62D7C0020071D /* Foundation.framework in Frameworks */,
				5795C15B1BF62DEF0020071D /* Classy.framework in Frameworks */,
			);
			runOnlyForDeploymentPostprocessing = 0;
		};
		DDAB25641814BBBB00F3DAAE /* Frameworks */ = {
			isa = PBXFrameworksBuildPhase;
			buildActionMask = 2147483647;
			files = (
				DDAB256D1814BBBB00F3DAAE /* CoreGraphics.framework in Frameworks */,
				DDAB256F1814BBBB00F3DAAE /* UIKit.framework in Frameworks */,
				DDAB256B1814BBBB00F3DAAE /* Foundation.framework in Frameworks */,
				BA23251D9EB84FA09338B05C /* libPods-ClassyExample.a in Frameworks */,
			);
			runOnlyForDeploymentPostprocessing = 0;
		};
/* End PBXFrameworksBuildPhase section */

/* Begin PBXGroup section */
		4E506420190EF2E6003A03B0 /* Images */ = {
			isa = PBXGroup;
			children = (
				4E506421190EF2F8003A03B0 /* Ball.png */,
			);
			name = Images;
			sourceTree = "<group>";
		};
		5795C1371BF62D510020071D /* Products */ = {
			isa = PBXGroup;
			children = (
				5795C13C1BF62D510020071D /* Classy.framework */,
				5795C13E1BF62D510020071D /* classfw-link-test.app */,
			);
			name = Products;
			sourceTree = "<group>";
		};
		5795C1761BF630290020071D /* Products */ = {
			isa = PBXGroup;
			children = (
				5795C17A1BF6302A0020071D /* other.framework */,
			);
			name = Products;
			sourceTree = "<group>";
		};
		57F2FC965CA90A3F5402D7F6 /* Pods */ = {
			isa = PBXGroup;
			children = (
				FFFC5792B76551874EEB57A6 /* Pods-ClassyExample.debug.xcconfig */,
				48E145992C14547713B2A546 /* Pods-ClassyExample.release.xcconfig */,
			);
			name = Pods;
			sourceTree = "<group>";
		};
		DD61F4421816370F004A8777 /* Stylesheets */ = {
			isa = PBXGroup;
			children = (
				DD61F4431816370F004A8777 /* stylesheet.cas */,
				DD355BDA183E9CD30071E543 /* variables.cas */,
			);
			path = Stylesheets;
			sourceTree = "<group>";
		};
		DDAB255E1814BBBB00F3DAAE = {
			isa = PBXGroup;
			children = (
				5795C1751BF630290020071D /* other.xcodeproj */,
				5795C1361BF62D510020071D /* ClassyFW.xcodeproj */,
				DDAB25701814BBBB00F3DAAE /* ClassyExample */,
				DDAB25691814BBBB00F3DAAE /* Frameworks */,
				DDAB25681814BBBB00F3DAAE /* Products */,
				57F2FC965CA90A3F5402D7F6 /* Pods */,
				5795C15A1BF62D7D0020071D /* ClassyExample copy-Info.plist */,
			);
			sourceTree = "<group>";
		};
		DDAB25681814BBBB00F3DAAE /* Products */ = {
			isa = PBXGroup;
			children = (
				DDAB25671814BBBB00F3DAAE /* ClassyExample.app */,
				5795C1591BF62D7C0020071D /* ClassyExample-fw.app */,
			);
			name = Products;
			sourceTree = "<group>";
		};
		DDAB25691814BBBB00F3DAAE /* Frameworks */ = {
			isa = PBXGroup;
			children = (
				DDAB256A1814BBBB00F3DAAE /* Foundation.framework */,
				DDAB256C1814BBBB00F3DAAE /* CoreGraphics.framework */,
				DDAB256E1814BBBB00F3DAAE /* UIKit.framework */,
				DDAB25831814BBBB00F3DAAE /* XCTest.framework */,
				E9C8ED2DF59B45B2A38549AB /* libPods-ClassyExample.a */,
			);
			name = Frameworks;
			sourceTree = "<group>";
		};
		DDAB25701814BBBB00F3DAAE /* ClassyExample */ = {
			isa = PBXGroup;
			children = (
				DDAB25791814BBBB00F3DAAE /* CASAppDelegate.h */,
				DDAB257A1814BBBB00F3DAAE /* CASAppDelegate.m */,
				DDFE54A31814EBBC003BF9C6 /* CASRootViewController.h */,
				DDFE54A41814EBBC003BF9C6 /* CASRootViewController.m */,
				DDFE54A61814EF07003BF9C6 /* CASSimpleFormViewController.h */,
				DDFE54A71814EF07003BF9C6 /* CASSimpleFormViewController.m */,
				DDFE54A91814EF41003BF9C6 /* CASCatalogViewController.h */,
				DDFE54AA1814EF41003BF9C6 /* CASCatalogViewController.m */,
				DDAB257C1814BBBB00F3DAAE /* Images.xcassets */,
				DD61F4421816370F004A8777 /* Stylesheets */,
				4E506420190EF2E6003A03B0 /* Images */,
				DDAB25711814BBBB00F3DAAE /* Supporting Files */,
			);
			path = ClassyExample;
			sourceTree = "<group>";
		};
		DDAB25711814BBBB00F3DAAE /* Supporting Files */ = {
			isa = PBXGroup;
			children = (
				DDAB25721814BBBB00F3DAAE /* ClassyExample-Info.plist */,
				DDAB25731814BBBB00F3DAAE /* InfoPlist.strings */,
				DDAB25761814BBBB00F3DAAE /* main.m */,
				DDAB25781814BBBB00F3DAAE /* ClassyExample-Prefix.pch */,
			);
			name = "Supporting Files";
			sourceTree = "<group>";
		};
/* End PBXGroup section */

/* Begin PBXNativeTarget section */
		5795C1411BF62D7C0020071D /* ClassyExample-fw */ = {
			isa = PBXNativeTarget;
			buildConfigurationList = 5795C1561BF62D7C0020071D /* Build configuration list for PBXNativeTarget "ClassyExample-fw" */;
			buildPhases = (
				5795C1421BF62D7C0020071D /* Check Pods Manifest.lock */,
				5795C1431BF62D7C0020071D /* Sources */,
				5795C1491BF62D7C0020071D /* Frameworks */,
				5795C14E1BF62D7C0020071D /* Resources */,
				5795C1551BF62D7C0020071D /* Copy Pods Resources */,
				5795C15F1BF62DF00020071D /* Embed Frameworks */,
			);
			buildRules = (
			);
			dependencies = (
				5795C15E1BF62DEF0020071D /* PBXTargetDependency */,
				5795C1811BF630A10020071D /* PBXTargetDependency */,
			);
			name = "ClassyExample-fw";
			productName = ClassyExample;
			productReference = 5795C1591BF62D7C0020071D /* ClassyExample-fw.app */;
			productType = "com.apple.product-type.application";
		};
		DDAB25661814BBBB00F3DAAE /* ClassyExample */ = {
			isa = PBXNativeTarget;
			buildConfigurationList = DDAB25931814BBBB00F3DAAE /* Build configuration list for PBXNativeTarget "ClassyExample" */;
			buildPhases = (
				501B6904610449669F2F8026 /* Check Pods Manifest.lock */,
				DDAB25631814BBBB00F3DAAE /* Sources */,
				DDAB25641814BBBB00F3DAAE /* Frameworks */,
				DDAB25651814BBBB00F3DAAE /* Resources */,
				244548EB6398419ABFC738FE /* Copy Pods Resources */,
			);
			buildRules = (
			);
			dependencies = (
			);
			name = ClassyExample;
			productName = ClassyExample;
			productReference = DDAB25671814BBBB00F3DAAE /* ClassyExample.app */;
			productType = "com.apple.product-type.application";
		};
/* End PBXNativeTarget section */

/* Begin PBXProject section */
		DDAB255F1814BBBB00F3DAAE /* Project object */ = {
			isa = PBXProject;
			attributes = {
				CLASSPREFIX = CAS;
				LastUpgradeCheck = 0710;
				ORGANIZATIONNAME = "Jonas Budelmann";
			};
			buildConfigurationList = DDAB25621814BBBB00F3DAAE /* Build configuration list for PBXProject "ClassyExample" */;
			compatibilityVersion = "Xcode 3.2";
			developmentRegion = English;
			hasScannedForEncodings = 0;
			knownRegions = (
				en,
			);
			mainGroup = DDAB255E1814BBBB00F3DAAE;
			productRefGroup = DDAB25681814BBBB00F3DAAE /* Products */;
			projectDirPath = "";
			projectReferences = (
				{
					ProductGroup = 5795C1371BF62D510020071D /* Products */;
					ProjectRef = 5795C1361BF62D510020071D /* ClassyFW.xcodeproj */;
				},
				{
					ProductGroup = 5795C1761BF630290020071D /* Products */;
					ProjectRef = 5795C1751BF630290020071D /* other.xcodeproj */;
				},
			);
			projectRoot = "";
			targets = (
				DDAB25661814BBBB00F3DAAE /* ClassyExample */,
				5795C1411BF62D7C0020071D /* ClassyExample-fw */,
			);
		};
/* End PBXProject section */

/* Begin PBXReferenceProxy section */
		5795C13C1BF62D510020071D /* Classy.framework */ = {
			isa = PBXReferenceProxy;
			fileType = wrapper.framework;
			path = Classy.framework;
			remoteRef = 5795C13B1BF62D510020071D /* PBXContainerItemProxy */;
			sourceTree = BUILT_PRODUCTS_DIR;
		};
		5795C13E1BF62D510020071D /* classfw-link-test.app */ = {
			isa = PBXReferenceProxy;
			fileType = wrapper.application;
			path = "classfw-link-test.app";
			remoteRef = 5795C13D1BF62D510020071D /* PBXContainerItemProxy */;
			sourceTree = BUILT_PRODUCTS_DIR;
		};
		5795C17A1BF6302A0020071D /* other.framework */ = {
			isa = PBXReferenceProxy;
			fileType = wrapper.framework;
			path = other.framework;
			remoteRef = 5795C1791BF6302A0020071D /* PBXContainerItemProxy */;
			sourceTree = BUILT_PRODUCTS_DIR;
		};
/* End PBXReferenceProxy section */

/* Begin PBXResourcesBuildPhase section */
		5795C14E1BF62D7C0020071D /* Resources */ = {
			isa = PBXResourcesBuildPhase;
			buildActionMask = 2147483647;
			files = (
				5795C14F1BF62D7C0020071D /* InfoPlist.strings in Resources */,
				5795C1501BF62D7C0020071D /* Images.xcassets in Resources */,
				5795C1511BF62D7C0020071D /* stylesheet.cas in Resources */,
				5795C1521BF62D7C0020071D /* Ball.png in Resources */,
				5795C1541BF62D7C0020071D /* variables.cas in Resources */,
			);
			runOnlyForDeploymentPostprocessing = 0;
		};
		DDAB25651814BBBB00F3DAAE /* Resources */ = {
			isa = PBXResourcesBuildPhase;
			buildActionMask = 2147483647;
			files = (
				DDAB25751814BBBB00F3DAAE /* InfoPlist.strings in Resources */,
				DDAB257D1814BBBB00F3DAAE /* Images.xcassets in Resources */,
				DD61F4441816370F004A8777 /* stylesheet.cas in Resources */,
				4E506422190EF2F8003A03B0 /* Ball.png in Resources */,
				DD355BDB183E9CD30071E543 /* variables.cas in Resources */,
			);
			runOnlyForDeploymentPostprocessing = 0;
		};
/* End PBXResourcesBuildPhase section */

/* Begin PBXShellScriptBuildPhase section */
		244548EB6398419ABFC738FE /* Copy Pods Resources */ = {
			isa = PBXShellScriptBuildPhase;
			buildActionMask = 2147483647;
			files = (
			);
			inputPaths = (
			);
			name = "Copy Pods Resources";
			outputPaths = (
			);
			runOnlyForDeploymentPostprocessing = 0;
			shellPath = /bin/sh;
			shellScript = "\"${SRCROOT}/../Pods/Target Support Files/Pods-ClassyExample/Pods-ClassyExample-resources.sh\"\n";
			showEnvVarsInLog = 0;
		};
		501B6904610449669F2F8026 /* Check Pods Manifest.lock */ = {
			isa = PBXShellScriptBuildPhase;
			buildActionMask = 2147483647;
			files = (
			);
			inputPaths = (
			);
			name = "Check Pods Manifest.lock";
			outputPaths = (
			);
			runOnlyForDeploymentPostprocessing = 0;
			shellPath = /bin/sh;
			shellScript = "diff \"${PODS_ROOT}/../Podfile.lock\" \"${PODS_ROOT}/Manifest.lock\" > /dev/null\nif [[ $? != 0 ]] ; then\n    cat << EOM\nerror: The sandbox is not in sync with the Podfile.lock. Run 'pod install' or update your CocoaPods installation.\nEOM\n    exit 1\nfi\n";
			showEnvVarsInLog = 0;
		};
		5795C1421BF62D7C0020071D /* Check Pods Manifest.lock */ = {
			isa = PBXShellScriptBuildPhase;
			buildActionMask = 2147483647;
			files = (
			);
			inputPaths = (
			);
			name = "Check Pods Manifest.lock";
			outputPaths = (
			);
			runOnlyForDeploymentPostprocessing = 0;
			shellPath = /bin/sh;
			shellScript = "diff \"${PODS_ROOT}/../Podfile.lock\" \"${PODS_ROOT}/Manifest.lock\" > /dev/null\nif [[ $? != 0 ]] ; then\n    cat << EOM\nerror: The sandbox is not in sync with the Podfile.lock. Run 'pod install' or update your CocoaPods installation.\nEOM\n    exit 1\nfi\n";
			showEnvVarsInLog = 0;
		};
		5795C1551BF62D7C0020071D /* Copy Pods Resources */ = {
			isa = PBXShellScriptBuildPhase;
			buildActionMask = 2147483647;
			files = (
			);
			inputPaths = (
			);
			name = "Copy Pods Resources";
			outputPaths = (
			);
			runOnlyForDeploymentPostprocessing = 0;
			shellPath = /bin/sh;
			shellScript = "\"${SRCROOT}/../Pods/Target Support Files/Pods-ClassyExample/Pods-ClassyExample-resources.sh\"\n";
			showEnvVarsInLog = 0;
		};
/* End PBXShellScriptBuildPhase section */

/* Begin PBXSourcesBuildPhase section */
		5795C1431BF62D7C0020071D /* Sources */ = {
			isa = PBXSourcesBuildPhase;
			buildActionMask = 2147483647;
			files = (
				5795C1441BF62D7C0020071D /* CASCatalogViewController.m in Sources */,
				5795C1451BF62D7C0020071D /* CASSimpleFormViewController.m in Sources */,
				5795C1461BF62D7C0020071D /* CASAppDelegate.m in Sources */,
				5795C1471BF62D7C0020071D /* main.m in Sources */,
				5795C1481BF62D7C0020071D /* CASRootViewController.m in Sources */,
			);
			runOnlyForDeploymentPostprocessing = 0;
		};
		DDAB25631814BBBB00F3DAAE /* Sources */ = {
			isa = PBXSourcesBuildPhase;
			buildActionMask = 2147483647;
			files = (
				DDFE54AB1814EF41003BF9C6 /* CASCatalogViewController.m in Sources */,
				DDFE54A81814EF07003BF9C6 /* CASSimpleFormViewController.m in Sources */,
				DDAB257B1814BBBB00F3DAAE /* CASAppDelegate.m in Sources */,
				DDAB25771814BBBB00F3DAAE /* main.m in Sources */,
				DDFE54A51814EBBC003BF9C6 /* CASRootViewController.m in Sources */,
			);
			runOnlyForDeploymentPostprocessing = 0;
		};
/* End PBXSourcesBuildPhase section */

/* Begin PBXTargetDependency section */
		5795C15E1BF62DEF0020071D /* PBXTargetDependency */ = {
			isa = PBXTargetDependency;
			name = Classy;
			targetProxy = 5795C15D1BF62DEF0020071D /* PBXContainerItemProxy */;
		};
		5795C1811BF630A10020071D /* PBXTargetDependency */ = {
			isa = PBXTargetDependency;
			name = other;
			targetProxy = 5795C1801BF630A10020071D /* PBXContainerItemProxy */;
		};
/* End PBXTargetDependency section */

/* Begin PBXVariantGroup section */
		DDAB25731814BBBB00F3DAAE /* InfoPlist.strings */ = {
			isa = PBXVariantGroup;
			children = (
				DDAB25741814BBBB00F3DAAE /* en */,
			);
			name = InfoPlist.strings;
			sourceTree = "<group>";
		};
/* End PBXVariantGroup section */

/* Begin XCBuildConfiguration section */
		5795C1571BF62D7C0020071D /* Debug */ = {
			isa = XCBuildConfiguration;
			baseConfigurationReference = FFFC5792B76551874EEB57A6 /* Pods-ClassyExample.debug.xcconfig */;
			buildSettings = {
				ASSETCATALOG_COMPILER_APPICON_NAME = AppIcon;
				ASSETCATALOG_COMPILER_LAUNCHIMAGE_NAME = LaunchImage;
				GCC_PRECOMPILE_PREFIX_HEADER = YES;
				GCC_PREFIX_HEADER = "ClassyExample/ClassyExample-Prefix.pch";
				INFOPLIST_FILE = "ClassyExample copy-Info.plist";
				IPHONEOS_DEPLOYMENT_TARGET = 8.1;
				LD_RUNPATH_SEARCH_PATHS = "$(inherited) @executable_path/Frameworks";
				OTHER_LDFLAGS = "";
				PRODUCT_BUNDLE_IDENTIFIER = "com.cloudling.${PRODUCT_NAME:rfc1034identifier}";
				PRODUCT_NAME = "$(TARGET_NAME)";
				WRAPPER_EXTENSION = app;
			};
			name = Debug;
		};
		5795C1581BF62D7C0020071D /* Release */ = {
			isa = XCBuildConfiguration;
			baseConfigurationReference = 48E145992C14547713B2A546 /* Pods-ClassyExample.release.xcconfig */;
			buildSettings = {
				ASSETCATALOG_COMPILER_APPICON_NAME = AppIcon;
				ASSETCATALOG_COMPILER_LAUNCHIMAGE_NAME = LaunchImage;
				GCC_PRECOMPILE_PREFIX_HEADER = YES;
				GCC_PREFIX_HEADER = "ClassyExample/ClassyExample-Prefix.pch";
				INFOPLIST_FILE = "ClassyExample copy-Info.plist";
				IPHONEOS_DEPLOYMENT_TARGET = 8.1;
				LD_RUNPATH_SEARCH_PATHS = "$(inherited) @executable_path/Frameworks";
				OTHER_LDFLAGS = "";
				PRODUCT_BUNDLE_IDENTIFIER = "com.cloudling.${PRODUCT_NAME:rfc1034identifier}";
				PRODUCT_NAME = "$(TARGET_NAME)";
				WRAPPER_EXTENSION = app;
			};
			name = Release;
		};
		DDAB25911814BBBB00F3DAAE /* Debug */ = {
			isa = XCBuildConfiguration;
			buildSettings = {
				ALWAYS_SEARCH_USER_PATHS = NO;
				CLANG_CXX_LANGUAGE_STANDARD = "gnu++0x";
				CLANG_CXX_LIBRARY = "libc++";
				CLANG_ENABLE_MODULES = YES;
				CLANG_ENABLE_OBJC_ARC = YES;
				CLANG_WARN_BOOL_CONVERSION = YES;
				CLANG_WARN_CONSTANT_CONVERSION = YES;
				CLANG_WARN_DIRECT_OBJC_ISA_USAGE = YES_ERROR;
				CLANG_WARN_EMPTY_BODY = YES;
				CLANG_WARN_ENUM_CONVERSION = YES;
				CLANG_WARN_INT_CONVERSION = YES;
				CLANG_WARN_OBJC_ROOT_CLASS = YES_ERROR;
				CLANG_WARN__DUPLICATE_METHOD_MATCH = YES;
				"CODE_SIGN_IDENTITY[sdk=iphoneos*]" = "iPhone Developer";
				COPY_PHASE_STRIP = NO;
				ENABLE_TESTABILITY = YES;
				GCC_C_LANGUAGE_STANDARD = gnu99;
				GCC_DYNAMIC_NO_PIC = NO;
				GCC_OPTIMIZATION_LEVEL = 0;
				GCC_PREPROCESSOR_DEFINITIONS = (
					"DEBUG=1",
					"$(inherited)",
				);
				GCC_SYMBOLS_PRIVATE_EXTERN = NO;
				GCC_WARN_64_TO_32_BIT_CONVERSION = YES;
				GCC_WARN_ABOUT_RETURN_TYPE = YES_ERROR;
				GCC_WARN_UNDECLARED_SELECTOR = YES;
				GCC_WARN_UNINITIALIZED_AUTOS = YES;
				GCC_WARN_UNUSED_FUNCTION = YES;
				GCC_WARN_UNUSED_VARIABLE = YES;
				IPHONEOS_DEPLOYMENT_TARGET = 7.0;
				ONLY_ACTIVE_ARCH = YES;
				SDKROOT = iphoneos;
				TARGETED_DEVICE_FAMILY = "1,2";
			};
			name = Debug;
		};
		DDAB25921814BBBB00F3DAAE /* Release */ = {
			isa = XCBuildConfiguration;
			buildSettings = {
				ALWAYS_SEARCH_USER_PATHS = NO;
				CLANG_CXX_LANGUAGE_STANDARD = "gnu++0x";
				CLANG_CXX_LIBRARY = "libc++";
				CLANG_ENABLE_MODULES = YES;
				CLANG_ENABLE_OBJC_ARC = YES;
				CLANG_WARN_BOOL_CONVERSION = YES;
				CLANG_WARN_CONSTANT_CONVERSION = YES;
				CLANG_WARN_DIRECT_OBJC_ISA_USAGE = YES_ERROR;
				CLANG_WARN_EMPTY_BODY = YES;
				CLANG_WARN_ENUM_CONVERSION = YES;
				CLANG_WARN_INT_CONVERSION = YES;
				CLANG_WARN_OBJC_ROOT_CLASS = YES_ERROR;
				CLANG_WARN__DUPLICATE_METHOD_MATCH = YES;
				"CODE_SIGN_IDENTITY[sdk=iphoneos*]" = "iPhone Developer";
				COPY_PHASE_STRIP = YES;
				ENABLE_NS_ASSERTIONS = NO;
				GCC_C_LANGUAGE_STANDARD = gnu99;
				GCC_WARN_64_TO_32_BIT_CONVERSION = YES;
				GCC_WARN_ABOUT_RETURN_TYPE = YES_ERROR;
				GCC_WARN_UNDECLARED_SELECTOR = YES;
				GCC_WARN_UNINITIALIZED_AUTOS = YES;
				GCC_WARN_UNUSED_FUNCTION = YES;
				GCC_WARN_UNUSED_VARIABLE = YES;
				IPHONEOS_DEPLOYMENT_TARGET = 7.0;
				SDKROOT = iphoneos;
				TARGETED_DEVICE_FAMILY = "1,2";
				VALIDATE_PRODUCT = YES;
			};
			name = Release;
		};
		DDAB25941814BBBB00F3DAAE /* Debug */ = {
			isa = XCBuildConfiguration;
			baseConfigurationReference = FFFC5792B76551874EEB57A6 /* Pods-ClassyExample.debug.xcconfig */;
			buildSettings = {
				ASSETCATALOG_COMPILER_APPICON_NAME = AppIcon;
				ASSETCATALOG_COMPILER_LAUNCHIMAGE_NAME = LaunchImage;
				GCC_PRECOMPILE_PREFIX_HEADER = YES;
				GCC_PREFIX_HEADER = "ClassyExample/ClassyExample-Prefix.pch";
				INFOPLIST_FILE = "ClassyExample/ClassyExample-Info.plist";
				IPHONEOS_DEPLOYMENT_TARGET = 6.0;
				PRODUCT_BUNDLE_IDENTIFIER = "com.cloudling.${PRODUCT_NAME:rfc1034identifier}";
				PRODUCT_NAME = "$(TARGET_NAME)";
				WRAPPER_EXTENSION = app;
			};
			name = Debug;
		};
		DDAB25951814BBBB00F3DAAE /* Release */ = {
			isa = XCBuildConfiguration;
			baseConfigurationReference = 48E145992C14547713B2A546 /* Pods-ClassyExample.release.xcconfig */;
			buildSettings = {
				ASSETCATALOG_COMPILER_APPICON_NAME = AppIcon;
				ASSETCATALOG_COMPILER_LAUNCHIMAGE_NAME = LaunchImage;
				GCC_PRECOMPILE_PREFIX_HEADER = YES;
				GCC_PREFIX_HEADER = "ClassyExample/ClassyExample-Prefix.pch";
				INFOPLIST_FILE = "ClassyExample/ClassyExample-Info.plist";
				IPHONEOS_DEPLOYMENT_TARGET = 6.0;
				PRODUCT_BUNDLE_IDENTIFIER = "com.cloudling.${PRODUCT_NAME:rfc1034identifier}";
				PRODUCT_NAME = "$(TARGET_NAME)";
				WRAPPER_EXTENSION = app;
			};
			name = Release;
		};
/* End XCBuildConfiguration section */

/* Begin XCConfigurationList section */
		5795C1561BF62D7C0020071D /* Build configuration list for PBXNativeTarget "ClassyExample-fw" */ = {
			isa = XCConfigurationList;
			buildConfigurations = (
				5795C1571BF62D7C0020071D /* Debug */,
				5795C1581BF62D7C0020071D /* Release */,
			);
			defaultConfigurationIsVisible = 0;
			defaultConfigurationName = Release;
		};
		DDAB25621814BBBB00F3DAAE /* Build configuration list for PBXProject "ClassyExample" */ = {
			isa = XCConfigurationList;
			buildConfigurations = (
				DDAB25911814BBBB00F3DAAE /* Debug */,
				DDAB25921814BBBB00F3DAAE /* Release */,
			);
			defaultConfigurationIsVisible = 0;
			defaultConfigurationName = Release;
		};
		DDAB25931814BBBB00F3DAAE /* Build configuration list for PBXNativeTarget "ClassyExample" */ = {
			isa = XCConfigurationList;
			buildConfigurations = (
				DDAB25941814BBBB00F3DAAE /* Debug */,
				DDAB25951814BBBB00F3DAAE /* Release */,
			);
			defaultConfigurationIsVisible = 0;
			defaultConfigurationName = Release;
		};
/* End XCConfigurationList section */
	};
	rootObject = DDAB255F1814BBBB00F3DAAE /* Project object */;
}
